
Microsoft Visual Studio Solution File, Format Version 12.00
# Visual Studio Version 17
VisualStudioVersion = 17.12.35527.113
MinimumVisualStudioVersion = 10.0.40219.1
Project("{FAE04EC0-301F-11D3-BF4B-00C04F79EFBC}") = "FireFitBlazor", "FireFitBlazor\FireFitBlazor.csproj", "{7992D6AF-FB19-4AB9-8ACB-94275E9FE259}"
EndProject
Project("{FAE04EC0-301F-11D3-BF4B-00C04F79EFBC}") = "FoodObjectDetection", "FoodObjectDetection\FoodObjectDetection.csproj", "{0D047282-C27B-45FF-927A-24AB858EC9AC}"
EndProject
Project("{FAE04EC0-301F-11D3-BF4B-00C04F79EFBC}") = "FoodObjectDetection_WebApi", "FoodObjectDetection_WebApi\FoodObjectDetection_WebApi.csproj", "{99CC3B30-AC64-4007-86CA-E8495A7DDFD8}"
EndProject
Global
	GlobalSection(SolutionConfigurationPlatforms) = preSolution
		Debug|Any CPU = Debug|Any CPU
		Release|Any CPU = Release|Any CPU
	EndGlobalSection
	GlobalSection(ProjectConfigurationPlatforms) = postSolution
		{7992D6AF-FB19-4AB9-8ACB-94275E9FE259}.Debug|Any CPU.ActiveCfg = Debug|Any CPU
		{7992D6AF-FB19-4AB9-8ACB-94275E9FE259}.Debug|Any CPU.Build.0 = Debug|Any CPU
		{7992D6AF-FB19-4AB9-8ACB-94275E9FE259}.Release|Any CPU.ActiveCfg = Release|Any CPU
		{7992D6AF-FB19-4AB9-8ACB-94275E9FE259}.Release|Any CPU.Build.0 = Release|Any CPU
		{0D047282-C27B-45FF-927A-24AB858EC9AC}.Debug|Any CPU.ActiveCfg = Debug|Any CPU
		{0D047282-C27B-45FF-927A-24AB858EC9AC}.Debug|Any CPU.Build.0 = Debug|Any CPU
		{0D047282-C27B-45FF-927A-24AB858EC9AC}.Release|Any CPU.ActiveCfg = Release|Any CPU
		{0D047282-C27B-45FF-927A-24AB858EC9AC}.Release|Any CPU.Build.0 = Release|Any CPU
		{99CC3B30-AC64-4007-86CA-E8495A7DDFD8}.Debug|Any CPU.ActiveCfg = Debug|Any CPU
		{99CC3B30-AC64-4007-86CA-E8495A7DDFD8}.Debug|Any CPU.Build.0 = Debug|Any CPU
		{99CC3B30-AC64-4007-86CA-E8495A7DDFD8}.Release|Any CPU.ActiveCfg = Release|Any CPU
		{99CC3B30-AC64-4007-86CA-E8495A7DDFD8}.Release|Any CPU.Build.0 = Release|Any CPU
	EndGlobalSection
	GlobalSection(SolutionProperties) = preSolution
		HideSolutionNode = FALSE
	EndGlobalSection
EndGlobal
